PODS:
  - FlutterMacOS (1.0.0)
  - mblue (0.0.1):
    - FlutterMacOS

DEPENDENCIES:
  - FlutterMacOS (from `Flutter/ephemeral`)
  - mblue (from `Flutter/ephemeral/.symlinks/plugins/mblue/macos`)

EXTERNAL SOURCES:
  FlutterMacOS:
    :path: Flutter/ephemeral
  mblue:
    :path: Flutter/ephemeral/.symlinks/plugins/mblue/macos

SPEC CHECKSUMS:
  FlutterMacOS: d0db08ddef1a9af05a5ec4b724367152bb0500b1
  mblue: 2e3dbb7b71631fef22c56281c45be19364e42857

PODFILE CHECKSUM: 54d867c82ac51cbd61b565781b9fada492027009

COCOAPODS: 1.16.2
